
Microsoft Visual Studio Solution File, Format Version 12.00
# Visual Studio Version 17
VisualStudioVersion = 17.5.33516.290
MinimumVisualStudioVersion = 10.0.40219.1
Project("{9A19103F-16F7-4668-BE54-9A1E7A4F7556}") = "ProyectoRazorFinal", "ProyectoRazorFinal.csproj", "{5D8F1A35-4CEC-4604-BBA1-62CDD6D2BA0D}"
EndProject
Global
	GlobalSection(SolutionConfigurationPlatforms) = preSolution
		Debug|Any CPU = Debug|Any CPU
		Release|Any CPU = Release|Any CPU
	EndGlobalSection
	GlobalSection(ProjectConfigurationPlatforms) = postSolution
		{5D8F1A35-4CEC-4604-BBA1-62CDD6D2BA0D}.Debug|Any CPU.ActiveCfg = Debug|Any CPU
		{5D8F1A35-4CEC-4604-BBA1-62CDD6D2BA0D}.Debug|Any CPU.Build.0 = Debug|Any CPU
		{5D8F1A35-4CEC-4604-BBA1-62CDD6D2BA0D}.Release|Any CPU.ActiveCfg = Release|Any CPU
		{5D8F1A35-4CEC-4604-BBA1-62CDD6D2BA0D}.Release|Any CPU.Build.0 = Release|Any CPU
	EndGlobalSection
	GlobalSection(SolutionProperties) = preSolution
		HideSolutionNode = FALSE
	EndGlobalSection
	GlobalSection(ExtensibilityGlobals) = postSolution
		SolutionGuid = {EDEB38F2-985F-41A0-94A1-60619839C305}
	EndGlobalSection
EndGlobal
